// !$*UTF8*$!
{
	archiveVersion = 1;
	classes = {
	};
	objectVersion = 77;
	objects = {

/* Begin PBXBuildFile section */
		5223B0222ED918DE00BE0C75 /* ShlfWatch Watch App.app in Embed Watch Content */ = {isa = PBXBuildFile; fileRef = 5223B0182ED918DB00BE0C75 /* ShlfWatch Watch App.app */; settings = {ATTRIBUTES = (RemoveHeadersOnCopy, ); }; };
		527605002ED8FDBA00F08D36 /* WidgetKit.framework in Frameworks */ = {isa = PBXBuildFile; fileRef = 527604FF2ED8FDBA00F08D36 /* WidgetKit.framework */; };
		527605022ED8FDBA00F08D36 /* SwiftUI.framework in Frameworks */ = {isa = PBXBuildFile; fileRef = 527605012ED8FDBA00F08D36 /* SwiftUI.framework */; };
		527605112ED8FDBD00F08D36 /* ReadingSessionWidgetExtension.appex in Embed Foundation Extensions */ = {isa = PBXBuildFile; fileRef = 527604FD2ED8FDBA00F08D36 /* ReadingSessionWidgetExtension.appex */; settings = {ATTRIBUTES = (RemoveHeadersOnCopy, ); }; };
/* End PBXBuildFile section */

/* Begin PBXContainerItemProxy section */
		5223B0202ED918DE00BE0C75 /* PBXContainerItemProxy */ = {
			isa = PBXContainerItemProxy;
			containerPortal = 527603E52ED71E8400F08D36 /* Project object */;
			proxyType = 1;
			remoteGlobalIDString = 5223B0172ED918DB00BE0C75;
			remoteInfo = "ShlfWatch Watch App";
		};
		5276050F2ED8FDBD00F08D36 /* PBXContainerItemProxy */ = {
			isa = PBXContainerItemProxy;
			containerPortal = 527603E52ED71E8400F08D36 /* Project object */;
			proxyType = 1;
			remoteGlobalIDString = 527604FC2ED8FDBA00F08D36;
			remoteInfo = ReadingSessionWidgetExtension;
		};
/* End PBXContainerItemProxy section */

/* Begin PBXCopyFilesBuildPhase section */
		5223B0232ED918DE00BE0C75 /* Embed Watch Content */ = {
			isa = PBXCopyFilesBuildPhase;
			buildActionMask = 2147483647;
			dstPath = "$(CONTENTS_FOLDER_PATH)/Watch";
			dstSubfolderSpec = 16;
			files = (
				5223B0222ED918DE00BE0C75 /* ShlfWatch Watch App.app in Embed Watch Content */,
			);
			name = "Embed Watch Content";
			runOnlyForDeploymentPostprocessing = 0;
		};
		527605122ED8FDBD00F08D36 /* Embed Foundation Extensions */ = {
			isa = PBXCopyFilesBuildPhase;
			buildActionMask = 2147483647;
			dstPath = "";
			dstSubfolderSpec = 13;
			files = (
				527605112ED8FDBD00F08D36 /* ReadingSessionWidgetExtension.appex in Embed Foundation Extensions */,
			);
			name = "Embed Foundation Extensions";
			runOnlyForDeploymentPostprocessing = 0;
		};
/* End PBXCopyFilesBuildPhase section */

/* Begin PBXFileReference section */
		5223B0182ED918DB00BE0C75 /* ShlfWatch Watch App.app */ = {isa = PBXFileReference; explicitFileType = wrapper.application; includeInIndex = 0; path = "ShlfWatch Watch App.app"; sourceTree = BUILT_PRODUCTS_DIR; };
		527603ED2ED71E8400F08D36 /* Shlf.app */ = {isa = PBXFileReference; explicitFileType = wrapper.application; includeInIndex = 0; path = Shlf.app; sourceTree = BUILT_PRODUCTS_DIR; };
		527604FD2ED8FDBA00F08D36 /* ReadingSessionWidgetExtension.appex */ = {isa = PBXFileReference; explicitFileType = "wrapper.app-extension"; includeInIndex = 0; path = ReadingSessionWidgetExtension.appex; sourceTree = BUILT_PRODUCTS_DIR; };
		527604FF2ED8FDBA00F08D36 /* WidgetKit.framework */ = {isa = PBXFileReference; lastKnownFileType = wrapper.framework; name = WidgetKit.framework; path = System/Library/Frameworks/WidgetKit.framework; sourceTree = SDKROOT; };
		527605012ED8FDBA00F08D36 /* SwiftUI.framework */ = {isa = PBXFileReference; lastKnownFileType = wrapper.framework; name = SwiftUI.framework; path = System/Library/Frameworks/SwiftUI.framework; sourceTree = SDKROOT; };
/* End PBXFileReference section */

/* Begin PBXFileSystemSynchronizedBuildFileExceptionSet section */
		5223B0282ED9191D00BE0C75 /* Exceptions for "Shlf" folder in "ShlfWatch Watch App" target */ = {
			isa = PBXFileSystemSynchronizedBuildFileExceptionSet;
			membershipExceptions = (
				Models/Achievement.swift,
				Models/Book.swift,
				Models/ReadingGoal.swift,
				Models/ReadingSession.swift,
				Models/StatCardType.swift,
				Models/UserProfile.swift,
				Services/GamificationEngine.swift,
				Services/GoalTracker.swift,
			);
			target = 5223B0172ED918DB00BE0C75 /* ShlfWatch Watch App */;
		};
		527603FA2ED71E8600F08D36 /* Exceptions for "Shlf" folder in "Shlf" target */ = {
			isa = PBXFileSystemSynchronizedBuildFileExceptionSet;
			membershipExceptions = (
				Info.plist,
			);
			target = 527603EC2ED71E8400F08D36 /* Shlf */;
		};
		527605162ED8FDBD00F08D36 /* Exceptions for "ReadingSessionWidget" folder in "ReadingSessionWidgetExtension" target */ = {
			isa = PBXFileSystemSynchronizedBuildFileExceptionSet;
			membershipExceptions = (
				Info.plist,
			);
			target = 527604FC2ED8FDBA00F08D36 /* ReadingSessionWidgetExtension */;
		};
		5276051A2ED8FEFC00F08D36 /* Exceptions for "ReadingSessionWidget" folder in "Shlf" target */ = {
			isa = PBXFileSystemSynchronizedBuildFileExceptionSet;
			membershipExceptions = (
				ReadingSessionIntents.swift,
				ReadingSessionWidgetLiveActivity.swift,
			);
			target = 527603EC2ED71E8400F08D36 /* Shlf */;
		};
/* End PBXFileSystemSynchronizedBuildFileExceptionSet section */

/* Begin PBXFileSystemSynchronizedRootGroup section */
		5223B0192ED918DB00BE0C75 /* ShlfWatch Watch App */ = {
			isa = PBXFileSystemSynchronizedRootGroup;
			path = "ShlfWatch Watch App";
			sourceTree = "<group>";
		};
		527603EF2ED71E8400F08D36 /* Shlf */ = {
			isa = PBXFileSystemSynchronizedRootGroup;
			exceptions = (
				527603FA2ED71E8600F08D36 /* Exceptions for "Shlf" folder in "Shlf" target */,
				5223B0282ED9191D00BE0C75 /* Exceptions for "Shlf" folder in "ShlfWatch Watch App" target */,
			);
			path = Shlf;
			sourceTree = "<group>";
		};
		527605032ED8FDBA00F08D36 /* ReadingSessionWidget */ = {
			isa = PBXFileSystemSynchronizedRootGroup;
			exceptions = (
				5276051A2ED8FEFC00F08D36 /* Exceptions for "ReadingSessionWidget" folder in "Shlf" target */,
				527605162ED8FDBD00F08D36 /* Exceptions for "ReadingSessionWidget" folder in "ReadingSessionWidgetExtension" target */,
			);
			path = ReadingSessionWidget;
			sourceTree = "<group>";
		};
/* End PBXFileSystemSynchronizedRootGroup section */

/* Begin PBXFrameworksBuildPhase section */
		5223B0152ED918DB00BE0C75 /* Frameworks */ = {
			isa = PBXFrameworksBuildPhase;
			buildActionMask = 2147483647;
			files = (
			);
			runOnlyForDeploymentPostprocessing = 0;
		};
		527603EA2ED71E8400F08D36 /* Frameworks */ = {
			isa = PBXFrameworksBuildPhase;
			buildActionMask = 2147483647;
			files = (
			);
			runOnlyForDeploymentPostprocessing = 0;
		};
		527604FA2ED8FDBA00F08D36 /* Frameworks */ = {
			isa = PBXFrameworksBuildPhase;
			buildActionMask = 2147483647;
			files = (
				527605022ED8FDBA00F08D36 /* SwiftUI.framework in Frameworks */,
				527605002ED8FDBA00F08D36 /* WidgetKit.framework in Frameworks */,
			);
			runOnlyForDeploymentPostprocessing = 0;
		};
/* End PBXFrameworksBuildPhase section */

/* Begin PBXGroup section */
		527603E42ED71E8400F08D36 = {
			isa = PBXGroup;
			children = (
				527603EF2ED71E8400F08D36 /* Shlf */,
				527605032ED8FDBA00F08D36 /* ReadingSessionWidget */,
				5223B0192ED918DB00BE0C75 /* ShlfWatch Watch App */,
				527604FE2ED8FDBA00F08D36 /* Frameworks */,
				527603EE2ED71E8400F08D36 /* Products */,
			);
			sourceTree = "<group>";
		};
		527603EE2ED71E8400F08D36 /* Products */ = {
			isa = PBXGroup;
			children = (
				527603ED2ED71E8400F08D36 /* Shlf.app */,
				527604FD2ED8FDBA00F08D36 /* ReadingSessionWidgetExtension.appex */,
				5223B0182ED918DB00BE0C75 /* ShlfWatch Watch App.app */,
			);
			name = Products;
			sourceTree = "<group>";
		};
		527604FE2ED8FDBA00F08D36 /* Frameworks */ = {
			isa = PBXGroup;
			children = (
				527604FF2ED8FDBA00F08D36 /* WidgetKit.framework */,
				527605012ED8FDBA00F08D36 /* SwiftUI.framework */,
			);
			name = Frameworks;
			sourceTree = "<group>";
		};
/* End PBXGroup section */

/* Begin PBXNativeTarget section */
		5223B0172ED918DB00BE0C75 /* ShlfWatch Watch App */ = {
			isa = PBXNativeTarget;
			buildConfigurationList = 5223B0262ED918DE00BE0C75 /* Build configuration list for PBXNativeTarget "ShlfWatch Watch App" */;
			buildPhases = (
				5223B0142ED918DB00BE0C75 /* Sources */,
				5223B0152ED918DB00BE0C75 /* Frameworks */,
				5223B0162ED918DB00BE0C75 /* Resources */,
			);
			buildRules = (
			);
			dependencies = (
			);
			fileSystemSynchronizedGroups = (
				5223B0192ED918DB00BE0C75 /* ShlfWatch Watch App */,
			);
			name = "ShlfWatch Watch App";
			packageProductDependencies = (
			);
			productName = "ShlfWatch Watch App";
			productReference = 5223B0182ED918DB00BE0C75 /* ShlfWatch Watch App.app */;
			productType = "com.apple.product-type.application";
		};
		527603EC2ED71E8400F08D36 /* Shlf */ = {
			isa = PBXNativeTarget;
			buildConfigurationList = 527603FB2ED71E8600F08D36 /* Build configuration list for PBXNativeTarget "Shlf" */;
			buildPhases = (
				527603E92ED71E8400F08D36 /* Sources */,
				527603EA2ED71E8400F08D36 /* Frameworks */,
				527603EB2ED71E8400F08D36 /* Resources */,
				527605122ED8FDBD00F08D36 /* Embed Foundation Extensions */,
				5223B0232ED918DE00BE0C75 /* Embed Watch Content */,
			);
			buildRules = (
			);
			dependencies = (
				527605102ED8FDBD00F08D36 /* PBXTargetDependency */,
				5223B0212ED918DE00BE0C75 /* PBXTargetDependency */,
			);
			fileSystemSynchronizedGroups = (
				527603EF2ED71E8400F08D36 /* Shlf */,
			);
			name = Shlf;
			packageProductDependencies = (
			);
			productName = Shlf;
			productReference = 527603ED2ED71E8400F08D36 /* Shlf.app */;
			productType = "com.apple.product-type.application";
		};
		527604FC2ED8FDBA00F08D36 /* ReadingSessionWidgetExtension */ = {
			isa = PBXNativeTarget;
			buildConfigurationList = 527605152ED8FDBD00F08D36 /* Build configuration list for PBXNativeTarget "ReadingSessionWidgetExtension" */;
			buildPhases = (
				527604F92ED8FDBA00F08D36 /* Sources */,
				527604FA2ED8FDBA00F08D36 /* Frameworks */,
				527604FB2ED8FDBA00F08D36 /* Resources */,
			);
			buildRules = (
			);
			dependencies = (
			);
			fileSystemSynchronizedGroups = (
				527605032ED8FDBA00F08D36 /* ReadingSessionWidget */,
			);
			name = ReadingSessionWidgetExtension;
			packageProductDependencies = (
			);
			productName = ReadingSessionWidgetExtension;
			productReference = 527604FD2ED8FDBA00F08D36 /* ReadingSessionWidgetExtension.appex */;
			productType = "com.apple.product-type.app-extension";
		};
/* End PBXNativeTarget section */

/* Begin PBXProject section */
		527603E52ED71E8400F08D36 /* Project object */ = {
			isa = PBXProject;
			attributes = {
				BuildIndependentTargetsInParallel = 1;
				LastSwiftUpdateCheck = 2620;
				LastUpgradeCheck = 2620;
				TargetAttributes = {
					5223B0172ED918DB00BE0C75 = {
						CreatedOnToolsVersion = 26.2;
					};
					527603EC2ED71E8400F08D36 = {
						CreatedOnToolsVersion = 26.2;
					};
					527604FC2ED8FDBA00F08D36 = {
						CreatedOnToolsVersion = 26.2;
					};
				};
			};
			buildConfigurationList = 527603E82ED71E8400F08D36 /* Build configuration list for PBXProject "Shlf" */;
			developmentRegion = en;
			hasScannedForEncodings = 0;
			knownRegions = (
				en,
				Base,
			);
			mainGroup = 527603E42ED71E8400F08D36;
			minimizedProjectReferenceProxies = 1;
			preferredProjectObjectVersion = 77;
			productRefGroup = 527603EE2ED71E8400F08D36 /* Products */;
			projectDirPath = "";
			projectRoot = "";
			targets = (
				527603EC2ED71E8400F08D36 /* Shlf */,
				527604FC2ED8FDBA00F08D36 /* ReadingSessionWidgetExtension */,
				5223B0172ED918DB00BE0C75 /* ShlfWatch Watch App */,
			);
		};
/* End PBXProject section */

/* Begin PBXResourcesBuildPhase section */
		5223B0162ED918DB00BE0C75 /* Resources */ = {
			isa = PBXResourcesBuildPhase;
			buildActionMask = 2147483647;
			files = (
			);
			runOnlyForDeploymentPostprocessing = 0;
		};
		527603EB2ED71E8400F08D36 /* Resources */ = {
			isa = PBXResourcesBuildPhase;
			buildActionMask = 2147483647;
			files = (
			);
			runOnlyForDeploymentPostprocessing = 0;
		};
		527604FB2ED8FDBA00F08D36 /* Resources */ = {
			isa = PBXResourcesBuildPhase;
			buildActionMask = 2147483647;
			files = (
			);
			runOnlyForDeploymentPostprocessing = 0;
		};
/* End PBXResourcesBuildPhase section */

/* Begin PBXSourcesBuildPhase section */
		5223B0142ED918DB00BE0C75 /* Sources */ = {
			isa = PBXSourcesBuildPhase;
			buildActionMask = 2147483647;
			files = (
			);
			runOnlyForDeploymentPostprocessing = 0;
		};
		527603E92ED71E8400F08D36 /* Sources */ = {
			isa = PBXSourcesBuildPhase;
			buildActionMask = 2147483647;
			files = (
			);
			runOnlyForDeploymentPostprocessing = 0;
		};
		527604F92ED8FDBA00F08D36 /* Sources */ = {
			isa = PBXSourcesBuildPhase;
			buildActionMask = 2147483647;
			files = (
			);
			runOnlyForDeploymentPostprocessing = 0;
		};
/* End PBXSourcesBuildPhase section */

/* Begin PBXTargetDependency section */
		5223B0212ED918DE00BE0C75 /* PBXTargetDependency */ = {
			isa = PBXTargetDependency;
			target = 5223B0172ED918DB00BE0C75 /* ShlfWatch Watch App */;
			targetProxy = 5223B0202ED918DE00BE0C75 /* PBXContainerItemProxy */;
		};
		527605102ED8FDBD00F08D36 /* PBXTargetDependency */ = {
			isa = PBXTargetDependency;
			target = 527604FC2ED8FDBA00F08D36 /* ReadingSessionWidgetExtension */;
			targetProxy = 5276050F2ED8FDBD00F08D36 /* PBXContainerItemProxy */;
		};
/* End PBXTargetDependency section */

/* Begin XCBuildConfiguration section */
		5223B0242ED918DE00BE0C75 /* Debug */ = {
			isa = XCBuildConfiguration;
			buildSettings = {
				ASSETCATALOG_COMPILER_APPICON_NAME = AppIcon;
				ASSETCATALOG_COMPILER_GLOBAL_ACCENT_COLOR_NAME = AccentColor;
				CODE_SIGN_ENTITLEMENTS = "ShlfWatch Watch App/ShlfWatch Watch App.entitlements";
				CODE_SIGN_STYLE = Automatic;
				CURRENT_PROJECT_VERSION = 1;
				DEVELOPMENT_TEAM = WDGFKCYAU3;
				ENABLE_PREVIEWS = YES;
				GENERATE_INFOPLIST_FILE = YES;
				INFOPLIST_FILE = "ShlfWatch-Watch-App-Info.plist";
				INFOPLIST_KEY_CFBundleDisplayName = ShlfWatch;
				INFOPLIST_KEY_NSSupportsLiveActivities = YES;
				INFOPLIST_KEY_NSSupportsLiveActivitiesFrequentUpdates = YES;
				INFOPLIST_KEY_UISupportedInterfaceOrientations = "UIInterfaceOrientationPortrait UIInterfaceOrientationPortraitUpsideDown";
				INFOPLIST_KEY_WKCompanionAppBundleIdentifier = joaofernandes.Shlf;
				LD_RUNPATH_SEARCH_PATHS = (
					"$(inherited)",
					"@executable_path/Frameworks",
				);
				MARKETING_VERSION = 1.0;
				PRODUCT_BUNDLE_IDENTIFIER = joaofernandes.Shlf.watchkitapp;
				PRODUCT_NAME = "$(TARGET_NAME)";
				SDKROOT = watchos;
				SKIP_INSTALL = YES;
				STRING_CATALOG_GENERATE_SYMBOLS = YES;
				SWIFT_APPROACHABLE_CONCURRENCY = YES;
				SWIFT_DEFAULT_ACTOR_ISOLATION = MainActor;
				SWIFT_EMIT_LOC_STRINGS = YES;
				SWIFT_UPCOMING_FEATURE_MEMBER_IMPORT_VISIBILITY = YES;
				SWIFT_VERSION = 5.0;
				TARGETED_DEVICE_FAMILY = 4;
				WATCHOS_DEPLOYMENT_TARGET = 26;
			};
			name = Debug;
		};
		5223B0252ED918DE00BE0C75 /* Release */ = {
			isa = XCBuildConfiguration;
			buildSettings = {
				ASSETCATALOG_COMPILER_APPICON_NAME = AppIcon;
				ASSETCATALOG_COMPILER_GLOBAL_ACCENT_COLOR_NAME = AccentColor;
				CODE_SIGN_ENTITLEMENTS = "ShlfWatch Watch App/ShlfWatch Watch App.entitlements";
				CODE_SIGN_STYLE = Automatic;
				CURRENT_PROJECT_VERSION = 1;
				DEVELOPMENT_TEAM = WDGFKCYAU3;
				ENABLE_PREVIEWS = YES;
				GENERATE_INFOPLIST_FILE = YES;
				INFOPLIST_FILE = "ShlfWatch-Watch-App-Info.plist";
				INFOPLIST_KEY_CFBundleDisplayName = ShlfWatch;
				INFOPLIST_KEY_NSSupportsLiveActivities = YES;
				INFOPLIST_KEY_NSSupportsLiveActivitiesFrequentUpdates = YES;
				INFOPLIST_KEY_UISupportedInterfaceOrientations = "UIInterfaceOrientationPortrait UIInterfaceOrientationPortraitUpsideDown";
				INFOPLIST_KEY_WKCompanionAppBundleIdentifier = joaofernandes.Shlf;
				LD_RUNPATH_SEARCH_PATHS = (
					"$(inherited)",
					"@executable_path/Frameworks",
				);
				MARKETING_VERSION = 1.0;
				PRODUCT_BUNDLE_IDENTIFIER = joaofernandes.Shlf.watchkitapp;
				PRODUCT_NAME = "$(TARGET_NAME)";
				SDKROOT = watchos;
				SKIP_INSTALL = YES;
				STRING_CATALOG_GENERATE_SYMBOLS = YES;
				SWIFT_APPROACHABLE_CONCURRENCY = YES;
				SWIFT_DEFAULT_ACTOR_ISOLATION = MainActor;
				SWIFT_EMIT_LOC_STRINGS = YES;
				SWIFT_UPCOMING_FEATURE_MEMBER_IMPORT_VISIBILITY = YES;
				SWIFT_VERSION = 5.0;
				TARGETED_DEVICE_FAMILY = 4;
				WATCHOS_DEPLOYMENT_TARGET = 26;
			};
			name = Release;
		};
		527603FC2ED71E8600F08D36 /* Debug */ = {
			isa = XCBuildConfiguration;
			buildSettings = {
				ASSETCATALOG_COMPILER_APPICON_NAME = AppIcon;
				ASSETCATALOG_COMPILER_GLOBAL_ACCENT_COLOR_NAME = AccentColor;
				CODE_SIGN_ENTITLEMENTS = Shlf/Shlf.entitlements;
				CODE_SIGN_STYLE = Automatic;
				CURRENT_PROJECT_VERSION = 1;
				DEVELOPMENT_TEAM = WDGFKCYAU3;
				ENABLE_PREVIEWS = YES;
				GENERATE_INFOPLIST_FILE = YES;
				INFOPLIST_FILE = Shlf/Info.plist;
				INFOPLIST_KEY_NSSupportsLiveActivities = YES;
				INFOPLIST_KEY_NSSupportsLiveActivitiesFrequentUpdates = YES;
				INFOPLIST_KEY_UIApplicationSceneManifest_Generation = YES;
				INFOPLIST_KEY_UIApplicationSupportsIndirectInputEvents = YES;
				INFOPLIST_KEY_UILaunchScreen_Generation = YES;
				INFOPLIST_KEY_UISupportedInterfaceOrientations_iPad = "UIInterfaceOrientationPortrait UIInterfaceOrientationPortraitUpsideDown UIInterfaceOrientationLandscapeLeft UIInterfaceOrientationLandscapeRight";
				INFOPLIST_KEY_UISupportedInterfaceOrientations_iPhone = "UIInterfaceOrientationPortrait UIInterfaceOrientationLandscapeLeft UIInterfaceOrientationLandscapeRight";
				IPHONEOS_DEPLOYMENT_TARGET = 26;
				LD_RUNPATH_SEARCH_PATHS = (
					"$(inherited)",
					"@executable_path/Frameworks",
				);
				MARKETING_VERSION = 1.0;
				PRODUCT_BUNDLE_IDENTIFIER = joaofernandes.Shlf;
				PRODUCT_NAME = "$(TARGET_NAME)";
				STRING_CATALOG_GENERATE_SYMBOLS = YES;
				SWIFT_APPROACHABLE_CONCURRENCY = YES;
				SWIFT_DEFAULT_ACTOR_ISOLATION = MainActor;
				SWIFT_EMIT_LOC_STRINGS = YES;
				SWIFT_UPCOMING_FEATURE_MEMBER_IMPORT_VISIBILITY = YES;
				SWIFT_VERSION = 5.0;
				TARGETED_DEVICE_FAMILY = "1,2";
			};
			name = Debug;
		};
		527603FD2ED71E8600F08D36 /* Release */ = {
			isa = XCBuildConfiguration;
			buildSettings = {
				ASSETCATALOG_COMPILER_APPICON_NAME = AppIcon;
				ASSETCATALOG_COMPILER_GLOBAL_ACCENT_COLOR_NAME = AccentColor;
				CODE_SIGN_ENTITLEMENTS = Shlf/Shlf.entitlements;
				CODE_SIGN_STYLE = Automatic;
				CURRENT_PROJECT_VERSION = 1;
				DEVELOPMENT_TEAM = WDGFKCYAU3;
				ENABLE_PREVIEWS = YES;
				GENERATE_INFOPLIST_FILE = YES;
				INFOPLIST_FILE = Shlf/Info.plist;
				INFOPLIST_KEY_NSSupportsLiveActivities = YES;
				INFOPLIST_KEY_NSSupportsLiveActivitiesFrequentUpdates = YES;
				INFOPLIST_KEY_UIApplicationSceneManifest_Generation = YES;
				INFOPLIST_KEY_UIApplicationSupportsIndirectInputEvents = YES;
				INFOPLIST_KEY_UILaunchScreen_Generation = YES;
				INFOPLIST_KEY_UISupportedInterfaceOrientations_iPad = "UIInterfaceOrientationPortrait UIInterfaceOrientationPortraitUpsideDown UIInterfaceOrientationLandscapeLeft UIInterfaceOrientationLandscapeRight";
				INFOPLIST_KEY_UISupportedInterfaceOrientations_iPhone = "UIInterfaceOrientationPortrait UIInterfaceOrientationLandscapeLeft UIInterfaceOrientationLandscapeRight";
				IPHONEOS_DEPLOYMENT_TARGET = 26;
				LD_RUNPATH_SEARCH_PATHS = (
					"$(inherited)",
					"@executable_path/Frameworks",
				);
				MARKETING_VERSION = 1.0;
				PRODUCT_BUNDLE_IDENTIFIER = joaofernandes.Shlf;
				PRODUCT_NAME = "$(TARGET_NAME)";
				STRING_CATALOG_GENERATE_SYMBOLS = YES;
				SWIFT_APPROACHABLE_CONCURRENCY = YES;
				SWIFT_DEFAULT_ACTOR_ISOLATION = MainActor;
				SWIFT_EMIT_LOC_STRINGS = YES;
				SWIFT_UPCOMING_FEATURE_MEMBER_IMPORT_VISIBILITY = YES;
				SWIFT_VERSION = 5.0;
				TARGETED_DEVICE_FAMILY = "1,2";
			};
			name = Release;
		};
		527603FE2ED71E8600F08D36 /* Debug */ = {
			isa = XCBuildConfiguration;
			buildSettings = {
				ALWAYS_SEARCH_USER_PATHS = NO;
				ASSETCATALOG_COMPILER_GENERATE_SWIFT_ASSET_SYMBOL_EXTENSIONS = YES;
				CLANG_ANALYZER_NONNULL = YES;
				CLANG_ANALYZER_NUMBER_OBJECT_CONVERSION = YES_AGGRESSIVE;
				CLANG_CXX_LANGUAGE_STANDARD = "gnu++20";
				CLANG_ENABLE_MODULES = YES;
				CLANG_ENABLE_OBJC_ARC = YES;
				CLANG_ENABLE_OBJC_WEAK = YES;
				CLANG_WARN_BLOCK_CAPTURE_AUTORELEASING = YES;
				CLANG_WARN_BOOL_CONVERSION = YES;
				CLANG_WARN_COMMA = YES;
				CLANG_WARN_CONSTANT_CONVERSION = YES;
				CLANG_WARN_DEPRECATED_OBJC_IMPLEMENTATIONS = YES;
				CLANG_WARN_DIRECT_OBJC_ISA_USAGE = YES_ERROR;
				CLANG_WARN_DOCUMENTATION_COMMENTS = YES;
				CLANG_WARN_EMPTY_BODY = YES;
				CLANG_WARN_ENUM_CONVERSION = YES;
				CLANG_WARN_INFINITE_RECURSION = YES;
				CLANG_WARN_INT_CONVERSION = YES;
				CLANG_WARN_NON_LITERAL_NULL_CONVERSION = YES;
				CLANG_WARN_OBJC_IMPLICIT_RETAIN_SELF = YES;
				CLANG_WARN_OBJC_LITERAL_CONVERSION = YES;
				CLANG_WARN_OBJC_ROOT_CLASS = YES_ERROR;
				CLANG_WARN_QUOTED_INCLUDE_IN_FRAMEWORK_HEADER = YES;
				CLANG_WARN_RANGE_LOOP_ANALYSIS = YES;
				CLANG_WARN_STRICT_PROTOTYPES = YES;
				CLANG_WARN_SUSPICIOUS_MOVE = YES;
				CLANG_WARN_UNGUARDED_AVAILABILITY = YES_AGGRESSIVE;
				CLANG_WARN_UNREACHABLE_CODE = YES;
				CLANG_WARN__DUPLICATE_METHOD_MATCH = YES;
				COPY_PHASE_STRIP = NO;
				DEBUG_INFORMATION_FORMAT = dwarf;
				DEVELOPMENT_TEAM = WDGFKCYAU3;
				ENABLE_STRICT_OBJC_MSGSEND = YES;
				ENABLE_TESTABILITY = YES;
				ENABLE_USER_SCRIPT_SANDBOXING = YES;
				GCC_C_LANGUAGE_STANDARD = gnu17;
				GCC_DYNAMIC_NO_PIC = NO;
				GCC_NO_COMMON_BLOCKS = YES;
				GCC_OPTIMIZATION_LEVEL = 0;
				GCC_PREPROCESSOR_DEFINITIONS = (
					"DEBUG=1",
					"$(inherited)",
				);
				GCC_WARN_64_TO_32_BIT_CONVERSION = YES;
				GCC_WARN_ABOUT_RETURN_TYPE = YES_ERROR;
				GCC_WARN_UNDECLARED_SELECTOR = YES;
				GCC_WARN_UNINITIALIZED_AUTOS = YES_AGGRESSIVE;
				GCC_WARN_UNUSED_FUNCTION = YES;
				GCC_WARN_UNUSED_VARIABLE = YES;
				INFOPLIST_KEY_NSSupportsLiveActivities = YES;
				INFOPLIST_KEY_NSSupportsLiveActivitiesFrequentUpdates = YES;
				IPHONEOS_DEPLOYMENT_TARGET = 26.2;
				LOCALIZATION_PREFERS_STRING_CATALOGS = YES;
				MTL_ENABLE_DEBUG_INFO = INCLUDE_SOURCE;
				MTL_FAST_MATH = YES;
				ONLY_ACTIVE_ARCH = YES;
				SDKROOT = iphoneos;
				SWIFT_ACTIVE_COMPILATION_CONDITIONS = "DEBUG $(inherited)";
				SWIFT_OPTIMIZATION_LEVEL = "-Onone";
			};
			name = Debug;
		};
		527603FF2ED71E8600F08D36 /* Release */ = {
			isa = XCBuildConfiguration;
			buildSettings = {
				ALWAYS_SEARCH_USER_PATHS = NO;
				ASSETCATALOG_COMPILER_GENERATE_SWIFT_ASSET_SYMBOL_EXTENSIONS = YES;
				CLANG_ANALYZER_NONNULL = YES;
				CLANG_ANALYZER_NUMBER_OBJECT_CONVERSION = YES_AGGRESSIVE;
				CLANG_CXX_LANGUAGE_STANDARD = "gnu++20";
				CLANG_ENABLE_MODULES = YES;
				CLANG_ENABLE_OBJC_ARC = YES;
				CLANG_ENABLE_OBJC_WEAK = YES;
				CLANG_WARN_BLOCK_CAPTURE_AUTORELEASING = YES;
				CLANG_WARN_BOOL_CONVERSION = YES;
				CLANG_WARN_COMMA = YES;
				CLANG_WARN_CONSTANT_CONVERSION = YES;
				CLANG_WARN_DEPRECATED_OBJC_IMPLEMENTATIONS = YES;
				CLANG_WARN_DIRECT_OBJC_ISA_USAGE = YES_ERROR;
				CLANG_WARN_DOCUMENTATION_COMMENTS = YES;
				CLANG_WARN_EMPTY_BODY = YES;
				CLANG_WARN_ENUM_CONVERSION = YES;
				CLANG_WARN_INFINITE_RECURSION = YES;
				CLANG_WARN_INT_CONVERSION = YES;
				CLANG_WARN_NON_LITERAL_NULL_CONVERSION = YES;
				CLANG_WARN_OBJC_IMPLICIT_RETAIN_SELF = YES;
				CLANG_WARN_OBJC_LITERAL_CONVERSION = YES;
				CLANG_WARN_OBJC_ROOT_CLASS = YES_ERROR;
				CLANG_WARN_QUOTED_INCLUDE_IN_FRAMEWORK_HEADER = YES;
				CLANG_WARN_RANGE_LOOP_ANALYSIS = YES;
				CLANG_WARN_STRICT_PROTOTYPES = YES;
				CLANG_WARN_SUSPICIOUS_MOVE = YES;
				CLANG_WARN_UNGUARDED_AVAILABILITY = YES_AGGRESSIVE;
				CLANG_WARN_UNREACHABLE_CODE = YES;
				CLANG_WARN__DUPLICATE_METHOD_MATCH = YES;
				COPY_PHASE_STRIP = NO;
				DEBUG_INFORMATION_FORMAT = "dwarf-with-dsym";
				DEVELOPMENT_TEAM = WDGFKCYAU3;
				ENABLE_NS_ASSERTIONS = NO;
				ENABLE_STRICT_OBJC_MSGSEND = YES;
				ENABLE_USER_SCRIPT_SANDBOXING = YES;
				GCC_C_LANGUAGE_STANDARD = gnu17;
				GCC_NO_COMMON_BLOCKS = YES;
				GCC_WARN_64_TO_32_BIT_CONVERSION = YES;
				GCC_WARN_ABOUT_RETURN_TYPE = YES_ERROR;
				GCC_WARN_UNDECLARED_SELECTOR = YES;
				GCC_WARN_UNINITIALIZED_AUTOS = YES_AGGRESSIVE;
				GCC_WARN_UNUSED_FUNCTION = YES;
				GCC_WARN_UNUSED_VARIABLE = YES;
				INFOPLIST_KEY_NSSupportsLiveActivities = YES;
				INFOPLIST_KEY_NSSupportsLiveActivitiesFrequentUpdates = YES;
				IPHONEOS_DEPLOYMENT_TARGET = 26.2;
				LOCALIZATION_PREFERS_STRING_CATALOGS = YES;
				MTL_ENABLE_DEBUG_INFO = NO;
				MTL_FAST_MATH = YES;
				SDKROOT = iphoneos;
				SWIFT_COMPILATION_MODE = wholemodule;
				VALIDATE_PRODUCT = YES;
			};
			name = Release;
		};
		527605132ED8FDBD00F08D36 /* Debug */ = {
			isa = XCBuildConfiguration;
			buildSettings = {
				ASSETCATALOG_COMPILER_GLOBAL_ACCENT_COLOR_NAME = AccentColor;
				ASSETCATALOG_COMPILER_WIDGET_BACKGROUND_COLOR_NAME = WidgetBackground;
				CODE_SIGN_STYLE = Automatic;
				CURRENT_PROJECT_VERSION = 1;
				DEVELOPMENT_TEAM = WDGFKCYAU3;
				GENERATE_INFOPLIST_FILE = YES;
				INFOPLIST_FILE = ReadingSessionWidget/Info.plist;
				INFOPLIST_KEY_CFBundleDisplayName = ReadingSessionWidget;
				INFOPLIST_KEY_NSHumanReadableCopyright = "";
				INFOPLIST_KEY_NSSupportsLiveActivities = YES;
				INFOPLIST_KEY_NSSupportsLiveActivitiesFrequentUpdates = YES;
				LD_RUNPATH_SEARCH_PATHS = (
					"$(inherited)",
					"@executable_path/Frameworks",
					"@executable_path/../../Frameworks",
				);
				MARKETING_VERSION = 1.0;
				PRODUCT_BUNDLE_IDENTIFIER = joaofernandes.Shlf.ReadingSessionWidget;
				PRODUCT_NAME = "$(TARGET_NAME)";
				SKIP_INSTALL = YES;
				STRING_CATALOG_GENERATE_SYMBOLS = YES;
				SWIFT_APPROACHABLE_CONCURRENCY = YES;
				SWIFT_EMIT_LOC_STRINGS = YES;
				SWIFT_UPCOMING_FEATURE_MEMBER_IMPORT_VISIBILITY = YES;
				SWIFT_VERSION = 5.0;
				TARGETED_DEVICE_FAMILY = "1,2";
			};
			name = Debug;
		};
		527605142ED8FDBD00F08D36 /* Release */ = {
			isa = XCBuildConfiguration;
			buildSettings = {
				ASSETCATALOG_COMPILER_GLOBAL_ACCENT_COLOR_NAME = AccentColor;
				ASSETCATALOG_COMPILER_WIDGET_BACKGROUND_COLOR_NAME = WidgetBackground;
				CODE_SIGN_STYLE = Automatic;
				CURRENT_PROJECT_VERSION = 1;
				DEVELOPMENT_TEAM = WDGFKCYAU3;
				GENERATE_INFOPLIST_FILE = YES;
				INFOPLIST_FILE = ReadingSessionWidget/Info.plist;
				INFOPLIST_KEY_CFBundleDisplayName = ReadingSessionWidget;
				INFOPLIST_KEY_NSHumanReadableCopyright = "";
				INFOPLIST_KEY_NSSupportsLiveActivities = YES;
				INFOPLIST_KEY_NSSupportsLiveActivitiesFrequentUpdates = YES;
				LD_RUNPATH_SEARCH_PATHS = (
					"$(inherited)",
					"@executable_path/Frameworks",
					"@executable_path/../../Frameworks",
				);
				MARKETING_VERSION = 1.0;
				PRODUCT_BUNDLE_IDENTIFIER = joaofernandes.Shlf.ReadingSessionWidget;
				PRODUCT_NAME = "$(TARGET_NAME)";
				SKIP_INSTALL = YES;
				STRING_CATALOG_GENERATE_SYMBOLS = YES;
				SWIFT_APPROACHABLE_CONCURRENCY = YES;
				SWIFT_EMIT_LOC_STRINGS = YES;
				SWIFT_UPCOMING_FEATURE_MEMBER_IMPORT_VISIBILITY = YES;
				SWIFT_VERSION = 5.0;
				TARGETED_DEVICE_FAMILY = "1,2";
			};
			name = Release;
		};
/* End XCBuildConfiguration section */

/* Begin XCConfigurationList section */
		5223B0262ED918DE00BE0C75 /* Build configuration list for PBXNativeTarget "ShlfWatch Watch App" */ = {
			isa = XCConfigurationList;
			buildConfigurations = (
				5223B0242ED918DE00BE0C75 /* Debug */,
				5223B0252ED918DE00BE0C75 /* Release */,
			);
			defaultConfigurationIsVisible = 0;
			defaultConfigurationName = Release;
		};
		527603E82ED71E8400F08D36 /* Build configuration list for PBXProject "Shlf" */ = {
			isa = XCConfigurationList;
			buildConfigurations = (
				527603FE2ED71E8600F08D36 /* Debug */,
				527603FF2ED71E8600F08D36 /* Release */,
			);
			defaultConfigurationIsVisible = 0;
			defaultConfigurationName = Release;
		};
		527603FB2ED71E8600F08D36 /* Build configuration list for PBXNativeTarget "Shlf" */ = {
			isa = XCConfigurationList;
			buildConfigurations = (
				527603FC2ED71E8600F08D36 /* Debug */,
				527603FD2ED71E8600F08D36 /* Release */,
			);
			defaultConfigurationIsVisible = 0;
			defaultConfigurationName = Release;
		};
		527605152ED8FDBD00F08D36 /* Build configuration list for PBXNativeTarget "ReadingSessionWidgetExtension" */ = {
			isa = XCConfigurationList;
			buildConfigurations = (
				527605132ED8FDBD00F08D36 /* Debug */,
				527605142ED8FDBD00F08D36 /* Release */,
			);
			defaultConfigurationIsVisible = 0;
			defaultConfigurationName = Release;
		};
/* End XCConfigurationList section */
	};
	rootObject = 527603E52ED71E8400F08D36 /* Project object */;
}
